// !$*UTF8*$!
{
	archiveVersion = 1;
	classes = {
	};
	objectVersion = 51;
	objects = {

/* Begin PBXBuildFile section */
		2B37301C23ABAD36000EFC00 /* AppDelegate.swift in Sources */ = {isa = PBXBuildFile; fileRef = 2B37301B23ABAD36000EFC00 /* AppDelegate.swift */; };
		2B37301E23ABAD36000EFC00 /* SceneDelegate.swift in Sources */ = {isa = PBXBuildFile; fileRef = 2B37301D23ABAD36000EFC00 /* SceneDelegate.swift */; };
		2B37302023ABAD36000EFC00 /* ViewController.swift in Sources */ = {isa = PBXBuildFile; fileRef = 2B37301F23ABAD36000EFC00 /* ViewController.swift */; };
		2B37302323ABAD36000EFC00 /* Main.storyboard in Resources */ = {isa = PBXBuildFile; fileRef = 2B37302123ABAD36000EFC00 /* Main.storyboard */; };
		2B37302523ABAD3B000EFC00 /* Assets.xcassets in Resources */ = {isa = PBXBuildFile; fileRef = 2B37302423ABAD3B000EFC00 /* Assets.xcassets */; };
		2B37302823ABAD3B000EFC00 /* LaunchScreen.storyboard in Resources */ = {isa = PBXBuildFile; fileRef = 2B37302623ABAD3B000EFC00 /* LaunchScreen.storyboard */; };
		2B37303023ABAE3F000EFC00 /* SignUpViewController.swift in Sources */ = {isa = PBXBuildFile; fileRef = 2B37302F23ABAE3F000EFC00 /* SignUpViewController.swift */; };
		2B37303223ABAE55000EFC00 /* LoginViewController.swift in Sources */ = {isa = PBXBuildFile; fileRef = 2B37303123ABAE55000EFC00 /* LoginViewController.swift */; };
		2B37303423ABAE6A000EFC00 /* HomeViewController.swift in Sources */ = {isa = PBXBuildFile; fileRef = 2B37303323ABAE6A000EFC00 /* HomeViewController.swift */; };
		2B37303823ABCC1A000EFC00 /* Utilities.swift in Sources */ = {isa = PBXBuildFile; fileRef = 2B37303723ABCC1A000EFC00 /* Utilities.swift */; };
		2B43847B23B0E6BD00C35655 /* Constants.swift in Sources */ = {isa = PBXBuildFile; fileRef = 2B43847A23B0E6BD00C35655 /* Constants.swift */; };
		2B6FA9F923B11591000B5382 /* GoogleService-Info.plist in Resources */ = {isa = PBXBuildFile; fileRef = 2B6FA9F823B11590000B5382 /* GoogleService-Info.plist */; };
		AFA3CE42EB31D7B288231CC6 /* Pods_Wish_list.framework in Frameworks */ = {isa = PBXBuildFile; fileRef = 7B7E64EC66F5AFF4F756C533 /* Pods_Wish_list.framework */; };
/* End PBXBuildFile section */

/* Begin PBXFileReference section */
		2B37301823ABAD36000EFC00 /* Wish list.app */ = {isa = PBXFileReference; explicitFileType = wrapper.application; includeInIndex = 0; path = "Wish list.app"; sourceTree = BUILT_PRODUCTS_DIR; };
		2B37301B23ABAD36000EFC00 /* AppDelegate.swift */ = {isa = PBXFileReference; lastKnownFileType = sourcecode.swift; path = AppDelegate.swift; sourceTree = "<group>"; };
		2B37301D23ABAD36000EFC00 /* SceneDelegate.swift */ = {isa = PBXFileReference; lastKnownFileType = sourcecode.swift; path = SceneDelegate.swift; sourceTree = "<group>"; };
		2B37301F23ABAD36000EFC00 /* ViewController.swift */ = {isa = PBXFileReference; lastKnownFileType = sourcecode.swift; path = ViewController.swift; sourceTree = "<group>"; };
		2B37302223ABAD36000EFC00 /* Base */ = {isa = PBXFileReference; lastKnownFileType = file.storyboard; name = Base; path = Base.lproj/Main.storyboard; sourceTree = "<group>"; };
		2B37302423ABAD3B000EFC00 /* Assets.xcassets */ = {isa = PBXFileReference; lastKnownFileType = folder.assetcatalog; path = Assets.xcassets; sourceTree = "<group>"; };
		2B37302723ABAD3B000EFC00 /* Base */ = {isa = PBXFileReference; lastKnownFileType = file.storyboard; name = Base; path = Base.lproj/LaunchScreen.storyboard; sourceTree = "<group>"; };
		2B37302923ABAD3B000EFC00 /* Info.plist */ = {isa = PBXFileReference; lastKnownFileType = text.plist.xml; path = Info.plist; sourceTree = "<group>"; };
		2B37302F23ABAE3F000EFC00 /* SignUpViewController.swift */ = {isa = PBXFileReference; lastKnownFileType = sourcecode.swift; path = SignUpViewController.swift; sourceTree = "<group>"; };
		2B37303123ABAE55000EFC00 /* LoginViewController.swift */ = {isa = PBXFileReference; lastKnownFileType = sourcecode.swift; path = LoginViewController.swift; sourceTree = "<group>"; };
		2B37303323ABAE6A000EFC00 /* HomeViewController.swift */ = {isa = PBXFileReference; lastKnownFileType = sourcecode.swift; path = HomeViewController.swift; sourceTree = "<group>"; };
		2B37303723ABCC1A000EFC00 /* Utilities.swift */ = {isa = PBXFileReference; lastKnownFileType = sourcecode.swift; path = Utilities.swift; sourceTree = "<group>"; };
		2B43847A23B0E6BD00C35655 /* Constants.swift */ = {isa = PBXFileReference; lastKnownFileType = sourcecode.swift; path = Constants.swift; sourceTree = "<group>"; };
		2B6FA9F823B11590000B5382 /* GoogleService-Info.plist */ = {isa = PBXFileReference; fileEncoding = 4; lastKnownFileType = text.plist.xml; path = "GoogleService-Info.plist"; sourceTree = "<group>"; };
		79189F446BACC75F9908ACB5 /* Pods-Wish list.debug.xcconfig */ = {isa = PBXFileReference; includeInIndex = 1; lastKnownFileType = text.xcconfig; name = "Pods-Wish list.debug.xcconfig"; path = "Target Support Files/Pods-Wish list/Pods-Wish list.debug.xcconfig"; sourceTree = "<group>"; };
		7B7E64EC66F5AFF4F756C533 /* Pods_Wish_list.framework */ = {isa = PBXFileReference; explicitFileType = wrapper.framework; includeInIndex = 0; path = Pods_Wish_list.framework; sourceTree = BUILT_PRODUCTS_DIR; };
		999C3946AC72D1C91052A3F0 /* Pods-Wish list.release.xcconfig */ = {isa = PBXFileReference; includeInIndex = 1; lastKnownFileType = text.xcconfig; name = "Pods-Wish list.release.xcconfig"; path = "Target Support Files/Pods-Wish list/Pods-Wish list.release.xcconfig"; sourceTree = "<group>"; };
/* End PBXFileReference section */

/* Begin PBXFrameworksBuildPhase section */
		2B37301523ABAD36000EFC00 /* Frameworks */ = {
			isa = PBXFrameworksBuildPhase;
			buildActionMask = 2147483647;
			files = (
				AFA3CE42EB31D7B288231CC6 /* Pods_Wish_list.framework in Frameworks */,
			);
			runOnlyForDeploymentPostprocessing = 0;
		};
/* End PBXFrameworksBuildPhase section */

/* Begin PBXGroup section */
		2B37300F23ABAD36000EFC00 = {
			isa = PBXGroup;
			children = (
				2B37301A23ABAD36000EFC00 /* Wish list */,
				2B37301923ABAD36000EFC00 /* Products */,
				98D885ABEFC1B9884ED19AEE /* Pods */,
				BA05CC4C7D2EA9FD40B64223 /* Frameworks */,
			);
			sourceTree = "<group>";
		};
		2B37301923ABAD36000EFC00 /* Products */ = {
			isa = PBXGroup;
			children = (
				2B37301823ABAD36000EFC00 /* Wish list.app */,
			);
			name = Products;
			sourceTree = "<group>";
		};
		2B37301A23ABAD36000EFC00 /* Wish list */ = {
			isa = PBXGroup;
			children = (
				2B37303623ABCBCC000EFC00 /* Helpers */,
				2B37301B23ABAD36000EFC00 /* AppDelegate.swift */,
				2B37301D23ABAD36000EFC00 /* SceneDelegate.swift */,
				2B37302123ABAD36000EFC00 /* Main.storyboard */,
				2B37302423ABAD3B000EFC00 /* Assets.xcassets */,
				2B37302623ABAD3B000EFC00 /* LaunchScreen.storyboard */,
				2B6FA9F823B11590000B5382 /* GoogleService-Info.plist */,
				2B37302923ABAD3B000EFC00 /* Info.plist */,
				2B37303523ABAE82000EFC00 /* View Controllers */,
			);
			path = "Wish list";
			sourceTree = "<group>";
		};
		2B37303523ABAE82000EFC00 /* View Controllers */ = {
			isa = PBXGroup;
			children = (
				2B37301F23ABAD36000EFC00 /* ViewController.swift */,
				2B37302F23ABAE3F000EFC00 /* SignUpViewController.swift */,
				2B37303123ABAE55000EFC00 /* LoginViewController.swift */,
				2B37303323ABAE6A000EFC00 /* HomeViewController.swift */,
			);
			path = "View Controllers";
			sourceTree = "<group>";
		};
		2B37303623ABCBCC000EFC00 /* Helpers */ = {
			isa = PBXGroup;
			children = (
				2B37303723ABCC1A000EFC00 /* Utilities.swift */,
				2B43847A23B0E6BD00C35655 /* Constants.swift */,
			);
			path = Helpers;
			sourceTree = "<group>";
		};
		98D885ABEFC1B9884ED19AEE /* Pods */ = {
			isa = PBXGroup;
			children = (
				79189F446BACC75F9908ACB5 /* Pods-Wish list.debug.xcconfig */,
				999C3946AC72D1C91052A3F0 /* Pods-Wish list.release.xcconfig */,
			);
			path = Pods;
			sourceTree = "<group>";
		};
		BA05CC4C7D2EA9FD40B64223 /* Frameworks */ = {
			isa = PBXGroup;
			children = (
				7B7E64EC66F5AFF4F756C533 /* Pods_Wish_list.framework */,
			);
			name = Frameworks;
			sourceTree = "<group>";
		};
/* End PBXGroup section */

/* Begin PBXNativeTarget section */
		2B37301723ABAD36000EFC00 /* Wish list */ = {
			isa = PBXNativeTarget;
			buildConfigurationList = 2B37302C23ABAD3B000EFC00 /* Build configuration list for PBXNativeTarget "Wish list" */;
			buildPhases = (
				37E415F5689F2ABB88ECFF09 /* [CP] Check Pods Manifest.lock */,
				2B37301423ABAD36000EFC00 /* Sources */,
				2B37301523ABAD36000EFC00 /* Frameworks */,
				2B37301623ABAD36000EFC00 /* Resources */,
				4F00F14D9780B99E258FEF2F /* [CP] Embed Pods Frameworks */,
			);
			buildRules = (
			);
			dependencies = (
			);
			name = "Wish list";
			productName = "Wish list";
			productReference = 2B37301823ABAD36000EFC00 /* Wish list.app */;
			productType = "com.apple.product-type.application";
		};
/* End PBXNativeTarget section */

/* Begin PBXProject section */
		2B37301023ABAD36000EFC00 /* Project object */ = {
			isa = PBXProject;
			attributes = {
				LastSwiftUpdateCheck = 1110;
				LastUpgradeCheck = 1110;
				ORGANIZATIONNAME = Parakluence;
				TargetAttributes = {
					2B37301723ABAD36000EFC00 = {
						CreatedOnToolsVersion = 11.1;
					};
				};
			};
			buildConfigurationList = 2B37301323ABAD36000EFC00 /* Build configuration list for PBXProject "Wish list" */;
			compatibilityVersion = "Xcode 9.3";
			developmentRegion = en;
			hasScannedForEncodings = 0;
			knownRegions = (
				en,
				Base,
			);
			mainGroup = 2B37300F23ABAD36000EFC00;
			productRefGroup = 2B37301923ABAD36000EFC00 /* Products */;
			projectDirPath = "";
			projectRoot = "";
			targets = (
				2B37301723ABAD36000EFC00 /* Wish list */,
			);
		};
/* End PBXProject section */

/* Begin PBXResourcesBuildPhase section */
		2B37301623ABAD36000EFC00 /* Resources */ = {
			isa = PBXResourcesBuildPhase;
			buildActionMask = 2147483647;
			files = (
				2B37302823ABAD3B000EFC00 /* LaunchScreen.storyboard in Resources */,
				2B6FA9F923B11591000B5382 /* GoogleService-Info.plist in Resources */,
				2B37302523ABAD3B000EFC00 /* Assets.xcassets in Resources */,
				2B37302323ABAD36000EFC00 /* Main.storyboard in Resources */,
			);
			runOnlyForDeploymentPostprocessing = 0;
		};
/* End PBXResourcesBuildPhase section */

/* Begin PBXShellScriptBuildPhase section */
		37E415F5689F2ABB88ECFF09 /* [CP] Check Pods Manifest.lock */ = {
			isa = PBXShellScriptBuildPhase;
			buildActionMask = 2147483647;
			files = (
			);
			inputFileListPaths = (
			);
			inputPaths = (
				"${PODS_PODFILE_DIR_PATH}/Podfile.lock",
				"${PODS_ROOT}/Manifest.lock",
			);
			name = "[CP] Check Pods Manifest.lock";
			outputFileListPaths = (
			);
			outputPaths = (
				"$(DERIVED_FILE_DIR)/Pods-Wish list-checkManifestLockResult.txt",
			);
			runOnlyForDeploymentPostprocessing = 0;
			shellPath = /bin/sh;
			shellScript = "diff \"${PODS_PODFILE_DIR_PATH}/Podfile.lock\" \"${PODS_ROOT}/Manifest.lock\" > /dev/null\nif [ $? != 0 ] ; then\n    # print error to STDERR\n    echo \"error: The sandbox is not in sync with the Podfile.lock. Run 'pod install' or update your CocoaPods installation.\" >&2\n    exit 1\nfi\n# This output is used by Xcode 'outputs' to avoid re-running this script phase.\necho \"SUCCESS\" > \"${SCRIPT_OUTPUT_FILE_0}\"\n";
			showEnvVarsInLog = 0;
		};
		4F00F14D9780B99E258FEF2F /* [CP] Embed Pods Frameworks */ = {
			isa = PBXShellScriptBuildPhase;
			buildActionMask = 2147483647;
			files = (
			);
			inputFileListPaths = (
				"${PODS_ROOT}/Target Support Files/Pods-Wish list/Pods-Wish list-frameworks-${CONFIGURATION}-input-files.xcfilelist",
			);
			name = "[CP] Embed Pods Frameworks";
			outputFileListPaths = (
				"${PODS_ROOT}/Target Support Files/Pods-Wish list/Pods-Wish list-frameworks-${CONFIGURATION}-output-files.xcfilelist",
			);
			runOnlyForDeploymentPostprocessing = 0;
			shellPath = /bin/sh;
			shellScript = "\"${PODS_ROOT}/Target Support Files/Pods-Wish list/Pods-Wish list-frameworks.sh\"\n";
			showEnvVarsInLog = 0;
		};
/* End PBXShellScriptBuildPhase section */

/* Begin PBXSourcesBuildPhase section */
		2B37301423ABAD36000EFC00 /* Sources */ = {
			isa = PBXSourcesBuildPhase;
			buildActionMask = 2147483647;
			files = (
				2B37302023ABAD36000EFC00 /* ViewController.swift in Sources */,
				2B37301C23ABAD36000EFC00 /* AppDelegate.swift in Sources */,
				2B37303823ABCC1A000EFC00 /* Utilities.swift in Sources */,
				2B37303023ABAE3F000EFC00 /* SignUpViewController.swift in Sources */,
				2B37303223ABAE55000EFC00 /* LoginViewController.swift in Sources */,
				2B37301E23ABAD36000EFC00 /* SceneDelegate.swift in Sources */,
				2B37303423ABAE6A000EFC00 /* HomeViewController.swift in Sources */,
				2B43847B23B0E6BD00C35655 /* Constants.swift in Sources */,
			);
			runOnlyForDeploymentPostprocessing = 0;
		};
/* End PBXSourcesBuildPhase section */

/* Begin PBXVariantGroup section */
		2B37302123ABAD36000EFC00 /* Main.storyboard */ = {
			isa = PBXVariantGroup;
			children = (
				2B37302223ABAD36000EFC00 /* Base */,
			);
			name = Main.storyboard;
			sourceTree = "<group>";
		};
		2B37302623ABAD3B000EFC00 /* LaunchScreen.storyboard */ = {
			isa = PBXVariantGroup;
			children = (
				2B37302723ABAD3B000EFC00 /* Base */,
			);
			name = LaunchScreen.storyboard;
			sourceTree = "<group>";
		};
/* End PBXVariantGroup section */

/* Begin XCBuildConfiguration section */
		2B37302A23ABAD3B000EFC00 /* Debug */ = {
			isa = XCBuildConfiguration;
			buildSettings = {
				ALWAYS_SEARCH_USER_PATHS = NO;
				CLANG_ANALYZER_NONNULL = YES;
				CLANG_ANALYZER_NUMBER_OBJECT_CONVERSION = YES_AGGRESSIVE;
				CLANG_CXX_LANGUAGE_STANDARD = "gnu++14";
				CLANG_CXX_LIBRARY = "libc++";
				CLANG_ENABLE_MODULES = YES;
				CLANG_ENABLE_OBJC_ARC = YES;
				CLANG_ENABLE_OBJC_WEAK = YES;
				CLANG_WARN_BLOCK_CAPTURE_AUTORELEASING = YES;
				CLANG_WARN_BOOL_CONVERSION = YES;
				CLANG_WARN_COMMA = YES;
				CLANG_WARN_CONSTANT_CONVERSION = YES;
				CLANG_WARN_DEPRECATED_OBJC_IMPLEMENTATIONS = YES;
				CLANG_WARN_DIRECT_OBJC_ISA_USAGE = YES_ERROR;
				CLANG_WARN_DOCUMENTATION_COMMENTS = YES;
				CLANG_WARN_EMPTY_BODY = YES;
				CLANG_WARN_ENUM_CONVERSION = YES;
				CLANG_WARN_INFINITE_RECURSION = YES;
				CLANG_WARN_INT_CONVERSION = YES;
				CLANG_WARN_NON_LITERAL_NULL_CONVERSION = YES;
				CLANG_WARN_OBJC_IMPLICIT_RETAIN_SELF = YES;
				CLANG_WARN_OBJC_LITERAL_CONVERSION = YES;
				CLANG_WARN_OBJC_ROOT_CLASS = YES_ERROR;
				CLANG_WARN_RANGE_LOOP_ANALYSIS = YES;
				CLANG_WARN_STRICT_PROTOTYPES = YES;
				CLANG_WARN_SUSPICIOUS_MOVE = YES;
				CLANG_WARN_UNGUARDED_AVAILABILITY = YES_AGGRESSIVE;
				CLANG_WARN_UNREACHABLE_CODE = YES;
				CLANG_WARN__DUPLICATE_METHOD_MATCH = YES;
				COPY_PHASE_STRIP = NO;
				DEBUG_INFORMATION_FORMAT = dwarf;
				ENABLE_STRICT_OBJC_MSGSEND = YES;
				ENABLE_TESTABILITY = YES;
				GCC_C_LANGUAGE_STANDARD = gnu11;
				GCC_DYNAMIC_NO_PIC = NO;
				GCC_NO_COMMON_BLOCKS = YES;
				GCC_OPTIMIZATION_LEVEL = 0;
				GCC_PREPROCESSOR_DEFINITIONS = (
					"DEBUG=1",
					"$(inherited)",
				);
				GCC_WARN_64_TO_32_BIT_CONVERSION = YES;
				GCC_WARN_ABOUT_RETURN_TYPE = YES_ERROR;
				GCC_WARN_UNDECLARED_SELECTOR = YES;
				GCC_WARN_UNINITIALIZED_AUTOS = YES_AGGRESSIVE;
				GCC_WARN_UNUSED_FUNCTION = YES;
				GCC_WARN_UNUSED_VARIABLE = YES;
				IPHONEOS_DEPLOYMENT_TARGET = 13.1;
				MTL_ENABLE_DEBUG_INFO = INCLUDE_SOURCE;
				MTL_FAST_MATH = YES;
				ONLY_ACTIVE_ARCH = YES;
				SDKROOT = iphoneos;
				SWIFT_ACTIVE_COMPILATION_CONDITIONS = DEBUG;
				SWIFT_OPTIMIZATION_LEVEL = "-Onone";
			};
			name = Debug;
		};
		2B37302B23ABAD3B000EFC00 /* Release */ = {
			isa = XCBuildConfiguration;
			buildSettings = {
				ALWAYS_SEARCH_USER_PATHS = NO;
				CLANG_ANALYZER_NONNULL = YES;
				CLANG_ANALYZER_NUMBER_OBJECT_CONVERSION = YES_AGGRESSIVE;
				CLANG_CXX_LANGUAGE_STANDARD = "gnu++14";
				CLANG_CXX_LIBRARY = "libc++";
				CLANG_ENABLE_MODULES = YES;
				CLANG_ENABLE_OBJC_ARC = YES;
				CLANG_ENABLE_OBJC_WEAK = YES;
				CLANG_WARN_BLOCK_CAPTURE_AUTORELEASING = YES;
				CLANG_WARN_BOOL_CONVERSION = YES;
				CLANG_WARN_COMMA = YES;
				CLANG_WARN_CONSTANT_CONVERSION = YES;
				CLANG_WARN_DEPRECATED_OBJC_IMPLEMENTATIONS = YES;
				CLANG_WARN_DIRECT_OBJC_ISA_USAGE = YES_ERROR;
				CLANG_WARN_DOCUMENTATION_COMMENTS = YES;
				CLANG_WARN_EMPTY_BODY = YES;
				CLANG_WARN_ENUM_CONVERSION = YES;
				CLANG_WARN_INFINITE_RECURSION = YES;
				CLANG_WARN_INT_CONVERSION = YES;
				CLANG_WARN_NON_LITERAL_NULL_CONVERSION = YES;
				CLANG_WARN_OBJC_IMPLICIT_RETAIN_SELF = YES;
				CLANG_WARN_OBJC_LITERAL_CONVERSION = YES;
				CLANG_WARN_OBJC_ROOT_CLASS = YES_ERROR;
				CLANG_WARN_RANGE_LOOP_ANALYSIS = YES;
				CLANG_WARN_STRICT_PROTOTYPES = YES;
				CLANG_WARN_SUSPICIOUS_MOVE = YES;
				CLANG_WARN_UNGUARDED_AVAILABILITY = YES_AGGRESSIVE;
				CLANG_WARN_UNREACHABLE_CODE = YES;
				CLANG_WARN__DUPLICATE_METHOD_MATCH = YES;
				COPY_PHASE_STRIP = NO;
				DEBUG_INFORMATION_FORMAT = "dwarf-with-dsym";
				ENABLE_NS_ASSERTIONS = NO;
				ENABLE_STRICT_OBJC_MSGSEND = YES;
				GCC_C_LANGUAGE_STANDARD = gnu11;
				GCC_NO_COMMON_BLOCKS = YES;
				GCC_WARN_64_TO_32_BIT_CONVERSION = YES;
				GCC_WARN_ABOUT_RETURN_TYPE = YES_ERROR;
				GCC_WARN_UNDECLARED_SELECTOR = YES;
				GCC_WARN_UNINITIALIZED_AUTOS = YES_AGGRESSIVE;
				GCC_WARN_UNUSED_FUNCTION = YES;
				GCC_WARN_UNUSED_VARIABLE = YES;
				IPHONEOS_DEPLOYMENT_TARGET = 13.1;
				MTL_ENABLE_DEBUG_INFO = NO;
				MTL_FAST_MATH = YES;
				SDKROOT = iphoneos;
				SWIFT_COMPILATION_MODE = wholemodule;
				SWIFT_OPTIMIZATION_LEVEL = "-O";
				VALIDATE_PRODUCT = YES;
			};
			name = Release;
		};
		2B37302D23ABAD3B000EFC00 /* Debug */ = {
			isa = XCBuildConfiguration;
			baseConfigurationReference = 79189F446BACC75F9908ACB5 /* Pods-Wish list.debug.xcconfig */;
			buildSettings = {
				ASSETCATALOG_COMPILER_APPICON_NAME = AppIcon;
				CODE_SIGN_STYLE = Automatic;
				DEVELOPMENT_TEAM = 489JK8PZ4S;
				INFOPLIST_FILE = "Wish list/Info.plist";
				LD_RUNPATH_SEARCH_PATHS = (
					"$(inherited)",
					"@executable_path/Frameworks",
				);
				PRODUCT_BUNDLE_IDENTIFIER = com.lera.Wishlist;
				PRODUCT_NAME = "$(TARGET_NAME)";
				SWIFT_VERSION = 5.0;
				TARGETED_DEVICE_FAMILY = "1,2";
			};
			name = Debug;
		};
		2B37302E23ABAD3B000EFC00 /* Release */ = {
			isa = XCBuildConfiguration;
			baseConfigurationReference = 999C3946AC72D1C91052A3F0 /* Pods-Wish list.release.xcconfig */;
			buildSettings = {
				ASSETCATALOG_COMPILER_APPICON_NAME = AppIcon;
				CODE_SIGN_STYLE = Automatic;
				DEVELOPMENT_TEAM = 489JK8PZ4S;
				INFOPLIST_FILE = "Wish list/Info.plist";
				LD_RUNPATH_SEARCH_PATHS = (
					"$(inherited)",
					"@executable_path/Frameworks",
				);
				PRODUCT_BUNDLE_IDENTIFIER = com.lera.Wishlist;
				PRODUCT_NAME = "$(TARGET_NAME)";
				SWIFT_VERSION = 5.0;
				TARGETED_DEVICE_FAMILY = "1,2";
			};
			name = Release;
		};
/* End XCBuildConfiguration section */

/* Begin XCConfigurationList section */
		2B37301323ABAD36000EFC00 /* Build configuration list for PBXProject "Wish list" */ = {
			isa = XCConfigurationList;
			buildConfigurations = (
				2B37302A23ABAD3B000EFC00 /* Debug */,
				2B37302B23ABAD3B000EFC00 /* Release */,
			);
			defaultConfigurationIsVisible = 0;
			defaultConfigurationName = Release;
		};
		2B37302C23ABAD3B000EFC00 /* Build configuration list for PBXNativeTarget "Wish list" */ = {
			isa = XCConfigurationList;
			buildConfigurations = (
				2B37302D23ABAD3B000EFC00 /* Debug */,
				2B37302E23ABAD3B000EFC00 /* Release */,
			);
			defaultConfigurationIsVisible = 0;
			defaultConfigurationName = Release;
		};
/* End XCConfigurationList section */
	};
	rootObject = 2B37301023ABAD36000EFC00 /* Project object */;
}
